
Microsoft Visual Studio Solution File, Format Version 12.00
# Visual Studio Version 17
VisualStudioVersion = 17.14.36301.6 d17.14
MinimumVisualStudioVersion = 10.0.40219.1
Project("{FAE04EC0-301F-11D3-BF4B-00C04F79EFBC}") = "EmployeeManagement.API", "EmployeeManagement.API\EmployeeManagement.API.csproj", "{2D0A463C-3227-4EA3-8920-D74561DE82B7}"
EndProject
Project("{FAE04EC0-301F-11D3-BF4B-00C04F79EFBC}") = "EmployeeManagement.Application", "EmployeeManagement.Application\EmployeeManagement.Application.csproj", "{8A8E721E-82F2-4320-AAAE-ED320F31710F}"
EndProject
Project("{FAE04EC0-301F-11D3-BF4B-00C04F79EFBC}") = "EmployeeManagement.Domain", "EmployeeManagement.Domain\EmployeeManagement.Domain.csproj", "{1E77138C-966F-4347-B05F-425DE9DD8663}"
EndProject
Project("{FAE04EC0-301F-11D3-BF4B-00C04F79EFBC}") = "EmployeeManagement.Infrastructure", "EmployeeManagement.Infrastructure\EmployeeManagement.Infrastructure.csproj", "{022C4F9F-7FE1-4D99-ADE4-957CBB6BA9A3}"
EndProject
Project("{FAE04EC0-301F-11D3-BF4B-00C04F79EFBC}") = "EmployeeManagement.Tests", "EmployeeManagement.Tests\EmployeeManagement.Tests.csproj", "{E2B742A1-DE6B-4147-ACB8-A480585F396F}"
EndProject
Global
	GlobalSection(SolutionConfigurationPlatforms) = preSolution
		Debug|Any CPU = Debug|Any CPU
		Release|Any CPU = Release|Any CPU
	EndGlobalSection
	GlobalSection(ProjectConfigurationPlatforms) = postSolution
		{2D0A463C-3227-4EA3-8920-D74561DE82B7}.Debug|Any CPU.ActiveCfg = Debug|Any CPU
		{2D0A463C-3227-4EA3-8920-D74561DE82B7}.Debug|Any CPU.Build.0 = Debug|Any CPU
		{2D0A463C-3227-4EA3-8920-D74561DE82B7}.Release|Any CPU.ActiveCfg = Release|Any CPU
		{2D0A463C-3227-4EA3-8920-D74561DE82B7}.Release|Any CPU.Build.0 = Release|Any CPU
		{8A8E721E-82F2-4320-AAAE-ED320F31710F}.Debug|Any CPU.ActiveCfg = Debug|Any CPU
		{8A8E721E-82F2-4320-AAAE-ED320F31710F}.Debug|Any CPU.Build.0 = Debug|Any CPU
		{8A8E721E-82F2-4320-AAAE-ED320F31710F}.Release|Any CPU.ActiveCfg = Release|Any CPU
		{8A8E721E-82F2-4320-AAAE-ED320F31710F}.Release|Any CPU.Build.0 = Release|Any CPU
		{1E77138C-966F-4347-B05F-425DE9DD8663}.Debug|Any CPU.ActiveCfg = Debug|Any CPU
		{1E77138C-966F-4347-B05F-425DE9DD8663}.Debug|Any CPU.Build.0 = Debug|Any CPU
		{1E77138C-966F-4347-B05F-425DE9DD8663}.Release|Any CPU.ActiveCfg = Release|Any CPU
		{1E77138C-966F-4347-B05F-425DE9DD8663}.Release|Any CPU.Build.0 = Release|Any CPU
		{022C4F9F-7FE1-4D99-ADE4-957CBB6BA9A3}.Debug|Any CPU.ActiveCfg = Debug|Any CPU
		{022C4F9F-7FE1-4D99-ADE4-957CBB6BA9A3}.Debug|Any CPU.Build.0 = Debug|Any CPU
		{022C4F9F-7FE1-4D99-ADE4-957CBB6BA9A3}.Release|Any CPU.ActiveCfg = Release|Any CPU
		{022C4F9F-7FE1-4D99-ADE4-957CBB6BA9A3}.Release|Any CPU.Build.0 = Release|Any CPU
		{E2B742A1-DE6B-4147-ACB8-A480585F396F}.Debug|Any CPU.ActiveCfg = Debug|Any CPU
		{E2B742A1-DE6B-4147-ACB8-A480585F396F}.Debug|Any CPU.Build.0 = Debug|Any CPU
		{E2B742A1-DE6B-4147-ACB8-A480585F396F}.Release|Any CPU.ActiveCfg = Release|Any CPU
		{E2B742A1-DE6B-4147-ACB8-A480585F396F}.Release|Any CPU.Build.0 = Release|Any CPU
	EndGlobalSection
	GlobalSection(SolutionProperties) = preSolution
		HideSolutionNode = FALSE
	EndGlobalSection
	GlobalSection(ExtensibilityGlobals) = postSolution
		SolutionGuid = {A40BFC08-B583-408D-AC15-AE23408403DC}
	EndGlobalSection
EndGlobal
